{
  "name": "test-release-drafter",
  "version": "1.8.0",
  "lockfileVersion": 3,
  "requires": true,
  "packages": {
    "": {
      "name": "test-release-drafter",
      "version": "1.8.0",
      "license": "MIT",
      "workspaces": [
        "packages/pkg1",
        "packages/pkg2"
      ]
    },
    "node_modules/pkg1": {
      "resolved": "packages/pkg1",
      "link": true
    },
    "node_modules/pkg2": {
      "resolved": "packages/pkg2",
      "link": true
    },
    "packages/pkg1": {
      "version": "1.7.0",
      "license": "MIT"
    },
    "packages/pkg2": {
      "version": "1.7.0",
      "license": "MIT"
    }
  }
}
